// !$*UTF8*$!
{
	archiveVersion = 1;
	classes = {
	};
	objectVersion = 50;
	objects = {

/* Begin PBXBuildFile section */
		0BADA07C25C7B5770059E2F6 /* AlarmTableViewCell.swift in Sources */ = {isa = PBXBuildFile; fileRef = 0BADA07B25C7B5770059E2F6 /* AlarmTableViewCell.swift */; };
		0BADA08625C7C1120059E2F6 /* Alarm.swift in Sources */ = {isa = PBXBuildFile; fileRef = 0BADA08525C7C1120059E2F6 /* Alarm.swift */; };
		0BD36A3825E187DF00AD55B5 /* Chat_page.swift in Sources */ = {isa = PBXBuildFile; fileRef = 0BD36A3725E187DE00AD55B5 /* Chat_page.swift */; };
		0BD36A3D25E18A2100AD55B5 /* 전체페이지 알림창.png in Resources */ = {isa = PBXBuildFile; fileRef = 0BD36A3C25E18A2100AD55B5 /* 전체페이지 알림창.png */; };
		0BD36A4525E19AAD00AD55B5 /* cellview.swift in Sources */ = {isa = PBXBuildFile; fileRef = 0BD36A4425E19AAD00AD55B5 /* cellview.swift */; };
		0BF9CFF825C5D00E0068A6C2 /* AppDelegate.swift in Sources */ = {isa = PBXBuildFile; fileRef = 0BF9CFF725C5D00E0068A6C2 /* AppDelegate.swift */; };
		0BF9CFFA25C5D00E0068A6C2 /* SceneDelegate.swift in Sources */ = {isa = PBXBuildFile; fileRef = 0BF9CFF925C5D00E0068A6C2 /* SceneDelegate.swift */; };
		0BF9CFFC25C5D00E0068A6C2 /* ViewController.swift in Sources */ = {isa = PBXBuildFile; fileRef = 0BF9CFFB25C5D00E0068A6C2 /* ViewController.swift */; };
		0BF9CFFF25C5D00E0068A6C2 /* Main.storyboard in Resources */ = {isa = PBXBuildFile; fileRef = 0BF9CFFD25C5D00E0068A6C2 /* Main.storyboard */; };
		0BF9D00125C5D0170068A6C2 /* Assets.xcassets in Resources */ = {isa = PBXBuildFile; fileRef = 0BF9D00025C5D0170068A6C2 /* Assets.xcassets */; };
		0BF9D00425C5D0170068A6C2 /* LaunchScreen.storyboard in Resources */ = {isa = PBXBuildFile; fileRef = 0BF9D00225C5D0170068A6C2 /* LaunchScreen.storyboard */; };
		0BF9D00F25C5D0180068A6C2 /* part5Tests.swift in Sources */ = {isa = PBXBuildFile; fileRef = 0BF9D00E25C5D0180068A6C2 /* part5Tests.swift */; };
		0BF9D01A25C5D0180068A6C2 /* part5UITests.swift in Sources */ = {isa = PBXBuildFile; fileRef = 0BF9D01925C5D0180068A6C2 /* part5UITests.swift */; };
		0BF9D03B25C67ACC0068A6C2 /* alarmpage_backgrouond1.png in Resources */ = {isa = PBXBuildFile; fileRef = 0BF9D03A25C67ACC0068A6C2 /* alarmpage_backgrouond1.png */; };
		0BF9D06025C730B70068A6C2 /* alarm_icon3.png in Resources */ = {isa = PBXBuildFile; fileRef = 0BF9D05C25C730B70068A6C2 /* alarm_icon3.png */; };
		0BF9D06125C730B70068A6C2 /* alarm_icon2.png in Resources */ = {isa = PBXBuildFile; fileRef = 0BF9D05D25C730B70068A6C2 /* alarm_icon2.png */; };
		0BF9D06225C730B70068A6C2 /* alarm_icon4.png in Resources */ = {isa = PBXBuildFile; fileRef = 0BF9D05E25C730B70068A6C2 /* alarm_icon4.png */; };
		0BF9D06325C730B70068A6C2 /* alarm_icon1.png in Resources */ = {isa = PBXBuildFile; fileRef = 0BF9D05F25C730B70068A6C2 /* alarm_icon1.png */; };
/* End PBXBuildFile section */

/* Begin PBXContainerItemProxy section */
		0BF9D00B25C5D0180068A6C2 /* PBXContainerItemProxy */ = {
			isa = PBXContainerItemProxy;
			containerPortal = 0BF9CFEC25C5D00E0068A6C2 /* Project object */;
			proxyType = 1;
			remoteGlobalIDString = 0BF9CFF325C5D00E0068A6C2;
			remoteInfo = part5;
		};
		0BF9D01625C5D0180068A6C2 /* PBXContainerItemProxy */ = {
			isa = PBXContainerItemProxy;
			containerPortal = 0BF9CFEC25C5D00E0068A6C2 /* Project object */;
			proxyType = 1;
			remoteGlobalIDString = 0BF9CFF325C5D00E0068A6C2;
			remoteInfo = part5;
		};
/* End PBXContainerItemProxy section */

/* Begin PBXFileReference section */
		0BADA07B25C7B5770059E2F6 /* AlarmTableViewCell.swift */ = {isa = PBXFileReference; lastKnownFileType = sourcecode.swift; path = AlarmTableViewCell.swift; sourceTree = "<group>"; };
		0BADA08525C7C1120059E2F6 /* Alarm.swift */ = {isa = PBXFileReference; lastKnownFileType = sourcecode.swift; path = Alarm.swift; sourceTree = "<group>"; };
		0BD36A3725E187DE00AD55B5 /* Chat_page.swift */ = {isa = PBXFileReference; lastKnownFileType = sourcecode.swift; path = Chat_page.swift; sourceTree = "<group>"; };
		0BD36A3C25E18A2100AD55B5 /* 전체페이지 알림창.png */ = {isa = PBXFileReference; lastKnownFileType = image.png; name = "전체페이지 알림창.png"; path = "../../../../../Documents/크선멘 디자인 파일/11/전체페이지 알림창.png"; sourceTree = "<group>"; };
		0BD36A4425E19AAD00AD55B5 /* cellview.swift */ = {isa = PBXFileReference; lastKnownFileType = sourcecode.swift; path = cellview.swift; sourceTree = "<group>"; };
		0BF9CFF425C5D00E0068A6C2 /* part5.app */ = {isa = PBXFileReference; explicitFileType = wrapper.application; includeInIndex = 0; path = part5.app; sourceTree = BUILT_PRODUCTS_DIR; };
		0BF9CFF725C5D00E0068A6C2 /* AppDelegate.swift */ = {isa = PBXFileReference; lastKnownFileType = sourcecode.swift; path = AppDelegate.swift; sourceTree = "<group>"; };
		0BF9CFF925C5D00E0068A6C2 /* SceneDelegate.swift */ = {isa = PBXFileReference; lastKnownFileType = sourcecode.swift; path = SceneDelegate.swift; sourceTree = "<group>"; };
		0BF9CFFB25C5D00E0068A6C2 /* ViewController.swift */ = {isa = PBXFileReference; lastKnownFileType = sourcecode.swift; path = ViewController.swift; sourceTree = "<group>"; };
		0BF9CFFE25C5D00E0068A6C2 /* Base */ = {isa = PBXFileReference; lastKnownFileType = file.storyboard; name = Base; path = Base.lproj/Main.storyboard; sourceTree = "<group>"; };
		0BF9D00025C5D0170068A6C2 /* Assets.xcassets */ = {isa = PBXFileReference; lastKnownFileType = folder.assetcatalog; path = Assets.xcassets; sourceTree = "<group>"; };
		0BF9D00325C5D0170068A6C2 /* Base */ = {isa = PBXFileReference; lastKnownFileType = file.storyboard; name = Base; path = Base.lproj/LaunchScreen.storyboard; sourceTree = "<group>"; };
		0BF9D00525C5D0170068A6C2 /* Info.plist */ = {isa = PBXFileReference; lastKnownFileType = text.plist.xml; path = Info.plist; sourceTree = "<group>"; };
		0BF9D00A25C5D0180068A6C2 /* part5Tests.xctest */ = {isa = PBXFileReference; explicitFileType = wrapper.cfbundle; includeInIndex = 0; path = part5Tests.xctest; sourceTree = BUILT_PRODUCTS_DIR; };
		0BF9D00E25C5D0180068A6C2 /* part5Tests.swift */ = {isa = PBXFileReference; lastKnownFileType = sourcecode.swift; path = part5Tests.swift; sourceTree = "<group>"; };
		0BF9D01025C5D0180068A6C2 /* Info.plist */ = {isa = PBXFileReference; lastKnownFileType = text.plist.xml; path = Info.plist; sourceTree = "<group>"; };
		0BF9D01525C5D0180068A6C2 /* part5UITests.xctest */ = {isa = PBXFileReference; explicitFileType = wrapper.cfbundle; includeInIndex = 0; path = part5UITests.xctest; sourceTree = BUILT_PRODUCTS_DIR; };
		0BF9D01925C5D0180068A6C2 /* part5UITests.swift */ = {isa = PBXFileReference; lastKnownFileType = sourcecode.swift; path = part5UITests.swift; sourceTree = "<group>"; };
		0BF9D01B25C5D0180068A6C2 /* Info.plist */ = {isa = PBXFileReference; lastKnownFileType = text.plist.xml; path = Info.plist; sourceTree = "<group>"; };
		0BF9D03A25C67ACC0068A6C2 /* alarmpage_backgrouond1.png */ = {isa = PBXFileReference; lastKnownFileType = image.png; name = alarmpage_backgrouond1.png; path = "../../../../../Documents/크선멘 디자인 파일/11/alarmpage_backgrouond1.png"; sourceTree = "<group>"; };
		0BF9D05C25C730B70068A6C2 /* alarm_icon3.png */ = {isa = PBXFileReference; lastKnownFileType = image.png; name = alarm_icon3.png; path = "../../../../../Documents/크선멘 디자인 파일/11/alarm_icon3.png"; sourceTree = "<group>"; };
		0BF9D05D25C730B70068A6C2 /* alarm_icon2.png */ = {isa = PBXFileReference; lastKnownFileType = image.png; name = alarm_icon2.png; path = "../../../../../Documents/크선멘 디자인 파일/11/alarm_icon2.png"; sourceTree = "<group>"; };
		0BF9D05E25C730B70068A6C2 /* alarm_icon4.png */ = {isa = PBXFileReference; lastKnownFileType = image.png; name = alarm_icon4.png; path = "../../../../../Documents/크선멘 디자인 파일/11/alarm_icon4.png"; sourceTree = "<group>"; };
		0BF9D05F25C730B70068A6C2 /* alarm_icon1.png */ = {isa = PBXFileReference; lastKnownFileType = image.png; name = alarm_icon1.png; path = "../../../../../Documents/크선멘 디자인 파일/11/alarm_icon1.png"; sourceTree = "<group>"; };
/* End PBXFileReference section */

/* Begin PBXFrameworksBuildPhase section */
		0BF9CFF125C5D00E0068A6C2 /* Frameworks */ = {
			isa = PBXFrameworksBuildPhase;
			buildActionMask = 2147483647;
			files = (
			);
			runOnlyForDeploymentPostprocessing = 0;
		};
		0BF9D00725C5D0180068A6C2 /* Frameworks */ = {
			isa = PBXFrameworksBuildPhase;
			buildActionMask = 2147483647;
			files = (
			);
			runOnlyForDeploymentPostprocessing = 0;
		};
		0BF9D01225C5D0180068A6C2 /* Frameworks */ = {
			isa = PBXFrameworksBuildPhase;
			buildActionMask = 2147483647;
			files = (
			);
			runOnlyForDeploymentPostprocessing = 0;
		};
/* End PBXFrameworksBuildPhase section */

/* Begin PBXGroup section */
		0BF9CFEB25C5D00E0068A6C2 = {
			isa = PBXGroup;
			children = (
				0BF9CFF625C5D00E0068A6C2 /* part5 */,
				0BF9D00D25C5D0180068A6C2 /* part5Tests */,
				0BF9D01825C5D0180068A6C2 /* part5UITests */,
				0BF9CFF525C5D00E0068A6C2 /* Products */,
			);
			sourceTree = "<group>";
		};
		0BF9CFF525C5D00E0068A6C2 /* Products */ = {
			isa = PBXGroup;
			children = (
				0BF9CFF425C5D00E0068A6C2 /* part5.app */,
				0BF9D00A25C5D0180068A6C2 /* part5Tests.xctest */,
				0BF9D01525C5D0180068A6C2 /* part5UITests.xctest */,
			);
			name = Products;
			sourceTree = "<group>";
		};
		0BF9CFF625C5D00E0068A6C2 /* part5 */ = {
			isa = PBXGroup;
			children = (
				0BF9D05F25C730B70068A6C2 /* alarm_icon1.png */,
				0BF9D05D25C730B70068A6C2 /* alarm_icon2.png */,
				0BF9D05C25C730B70068A6C2 /* alarm_icon3.png */,
				0BF9D05E25C730B70068A6C2 /* alarm_icon4.png */,
				0BF9D03A25C67ACC0068A6C2 /* alarmpage_backgrouond1.png */,
				0BD36A3C25E18A2100AD55B5 /* 전체페이지 알림창.png */,
				0BF9CFF725C5D00E0068A6C2 /* AppDelegate.swift */,
				0BADA07B25C7B5770059E2F6 /* AlarmTableViewCell.swift */,
				0BF9CFF925C5D00E0068A6C2 /* SceneDelegate.swift */,
				0BF9CFFB25C5D00E0068A6C2 /* ViewController.swift */,
				0BADA08525C7C1120059E2F6 /* Alarm.swift */,
				0BD36A3725E187DE00AD55B5 /* Chat_page.swift */,
				0BF9CFFD25C5D00E0068A6C2 /* Main.storyboard */,
				0BF9D00225C5D0170068A6C2 /* LaunchScreen.storyboard */,
				0BF9D00025C5D0170068A6C2 /* Assets.xcassets */,
				0BF9D00525C5D0170068A6C2 /* Info.plist */,
				0BD36A4425E19AAD00AD55B5 /* cellview.swift */,
			);
			path = part5;
			sourceTree = "<group>";
		};
		0BF9D00D25C5D0180068A6C2 /* part5Tests */ = {
			isa = PBXGroup;
			children = (
				0BF9D00E25C5D0180068A6C2 /* part5Tests.swift */,
				0BF9D01025C5D0180068A6C2 /* Info.plist */,
			);
			path = part5Tests;
			sourceTree = "<group>";
		};
		0BF9D01825C5D0180068A6C2 /* part5UITests */ = {
			isa = PBXGroup;
			children = (
				0BF9D01925C5D0180068A6C2 /* part5UITests.swift */,
				0BF9D01B25C5D0180068A6C2 /* Info.plist */,
			);
			path = part5UITests;
			sourceTree = "<group>";
		};
/* End PBXGroup section */

/* Begin PBXNativeTarget section */
		0BF9CFF325C5D00E0068A6C2 /* part5 */ = {
			isa = PBXNativeTarget;
			buildConfigurationList = 0BF9D01E25C5D0180068A6C2 /* Build configuration list for PBXNativeTarget "part5" */;
			buildPhases = (
				0BF9CFF025C5D00E0068A6C2 /* Sources */,
				0BF9CFF125C5D00E0068A6C2 /* Frameworks */,
				0BF9CFF225C5D00E0068A6C2 /* Resources */,
			);
			buildRules = (
			);
			dependencies = (
			);
			name = part5;
			productName = part5;
			productReference = 0BF9CFF425C5D00E0068A6C2 /* part5.app */;
			productType = "com.apple.product-type.application";
		};
		0BF9D00925C5D0180068A6C2 /* part5Tests */ = {
			isa = PBXNativeTarget;
			buildConfigurationList = 0BF9D02125C5D0180068A6C2 /* Build configuration list for PBXNativeTarget "part5Tests" */;
			buildPhases = (
				0BF9D00625C5D0180068A6C2 /* Sources */,
				0BF9D00725C5D0180068A6C2 /* Frameworks */,
				0BF9D00825C5D0180068A6C2 /* Resources */,
			);
			buildRules = (
			);
			dependencies = (
				0BF9D00C25C5D0180068A6C2 /* PBXTargetDependency */,
			);
			name = part5Tests;
			productName = part5Tests;
			productReference = 0BF9D00A25C5D0180068A6C2 /* part5Tests.xctest */;
			productType = "com.apple.product-type.bundle.unit-test";
		};
		0BF9D01425C5D0180068A6C2 /* part5UITests */ = {
			isa = PBXNativeTarget;
			buildConfigurationList = 0BF9D02425C5D0180068A6C2 /* Build configuration list for PBXNativeTarget "part5UITests" */;
			buildPhases = (
				0BF9D01125C5D0180068A6C2 /* Sources */,
				0BF9D01225C5D0180068A6C2 /* Frameworks */,
				0BF9D01325C5D0180068A6C2 /* Resources */,
			);
			buildRules = (
			);
			dependencies = (
				0BF9D01725C5D0180068A6C2 /* PBXTargetDependency */,
			);
			name = part5UITests;
			productName = part5UITests;
			productReference = 0BF9D01525C5D0180068A6C2 /* part5UITests.xctest */;
			productType = "com.apple.product-type.bundle.ui-testing";
		};
/* End PBXNativeTarget section */

/* Begin PBXProject section */
		0BF9CFEC25C5D00E0068A6C2 /* Project object */ = {
			isa = PBXProject;
			attributes = {
				LastSwiftUpdateCheck = 1230;
				LastUpgradeCheck = 1230;
				TargetAttributes = {
					0BF9CFF325C5D00E0068A6C2 = {
						CreatedOnToolsVersion = 12.3;
					};
					0BF9D00925C5D0180068A6C2 = {
						CreatedOnToolsVersion = 12.3;
						TestTargetID = 0BF9CFF325C5D00E0068A6C2;
					};
					0BF9D01425C5D0180068A6C2 = {
						CreatedOnToolsVersion = 12.3;
						TestTargetID = 0BF9CFF325C5D00E0068A6C2;
					};
				};
			};
			buildConfigurationList = 0BF9CFEF25C5D00E0068A6C2 /* Build configuration list for PBXProject "part5" */;
			compatibilityVersion = "Xcode 9.3";
			developmentRegion = en;
			hasScannedForEncodings = 0;
			knownRegions = (
				en,
				Base,
			);
			mainGroup = 0BF9CFEB25C5D00E0068A6C2;
			productRefGroup = 0BF9CFF525C5D00E0068A6C2 /* Products */;
			projectDirPath = "";
			projectRoot = "";
			targets = (
				0BF9CFF325C5D00E0068A6C2 /* part5 */,
				0BF9D00925C5D0180068A6C2 /* part5Tests */,
				0BF9D01425C5D0180068A6C2 /* part5UITests */,
			);
		};
/* End PBXProject section */

/* Begin PBXResourcesBuildPhase section */
		0BF9CFF225C5D00E0068A6C2 /* Resources */ = {
			isa = PBXResourcesBuildPhase;
			buildActionMask = 2147483647;
			files = (
				0BD36A3D25E18A2100AD55B5 /* 전체페이지 알림창.png in Resources */,
				0BF9D06325C730B70068A6C2 /* alarm_icon1.png in Resources */,
				0BF9D00425C5D0170068A6C2 /* LaunchScreen.storyboard in Resources */,
				0BF9D06125C730B70068A6C2 /* alarm_icon2.png in Resources */,
				0BF9D00125C5D0170068A6C2 /* Assets.xcassets in Resources */,
				0BF9D06225C730B70068A6C2 /* alarm_icon4.png in Resources */,
				0BF9D03B25C67ACC0068A6C2 /* alarmpage_backgrouond1.png in Resources */,
				0BF9D06025C730B70068A6C2 /* alarm_icon3.png in Resources */,
				0BF9CFFF25C5D00E0068A6C2 /* Main.storyboard in Resources */,
			);
			runOnlyForDeploymentPostprocessing = 0;
		};
		0BF9D00825C5D0180068A6C2 /* Resources */ = {
			isa = PBXResourcesBuildPhase;
			buildActionMask = 2147483647;
			files = (
			);
			runOnlyForDeploymentPostprocessing = 0;
		};
		0BF9D01325C5D0180068A6C2 /* Resources */ = {
			isa = PBXResourcesBuildPhase;
			buildActionMask = 2147483647;
			files = (
			);
			runOnlyForDeploymentPostprocessing = 0;
		};
/* End PBXResourcesBuildPhase section */

/* Begin PBXSourcesBuildPhase section */
		0BF9CFF025C5D00E0068A6C2 /* Sources */ = {
			isa = PBXSourcesBuildPhase;
			buildActionMask = 2147483647;
			files = (
				0BF9CFFC25C5D00E0068A6C2 /* ViewController.swift in Sources */,
				0BD36A4525E19AAD00AD55B5 /* cellview.swift in Sources */,
				0BF9CFF825C5D00E0068A6C2 /* AppDelegate.swift in Sources */,
				0BD36A3825E187DF00AD55B5 /* Chat_page.swift in Sources */,
				0BF9CFFA25C5D00E0068A6C2 /* SceneDelegate.swift in Sources */,
				0BADA07C25C7B5770059E2F6 /* AlarmTableViewCell.swift in Sources */,
				0BADA08625C7C1120059E2F6 /* Alarm.swift in Sources */,
			);
			runOnlyForDeploymentPostprocessing = 0;
		};
		0BF9D00625C5D0180068A6C2 /* Sources */ = {
			isa = PBXSourcesBuildPhase;
			buildActionMask = 2147483647;
			files = (
				0BF9D00F25C5D0180068A6C2 /* part5Tests.swift in Sources */,
			);
			runOnlyForDeploymentPostprocessing = 0;
		};
		0BF9D01125C5D0180068A6C2 /* Sources */ = {
			isa = PBXSourcesBuildPhase;
			buildActionMask = 2147483647;
			files = (
				0BF9D01A25C5D0180068A6C2 /* part5UITests.swift in Sources */,
			);
			runOnlyForDeploymentPostprocessing = 0;
		};
/* End PBXSourcesBuildPhase section */

/* Begin PBXTargetDependency section */
		0BF9D00C25C5D0180068A6C2 /* PBXTargetDependency */ = {
			isa = PBXTargetDependency;
			target = 0BF9CFF325C5D00E0068A6C2 /* part5 */;
			targetProxy = 0BF9D00B25C5D0180068A6C2 /* PBXContainerItemProxy */;
		};
		0BF9D01725C5D0180068A6C2 /* PBXTargetDependency */ = {
			isa = PBXTargetDependency;
			target = 0BF9CFF325C5D00E0068A6C2 /* part5 */;
			targetProxy = 0BF9D01625C5D0180068A6C2 /* PBXContainerItemProxy */;
		};
/* End PBXTargetDependency section */

/* Begin PBXVariantGroup section */
		0BF9CFFD25C5D00E0068A6C2 /* Main.storyboard */ = {
			isa = PBXVariantGroup;
			children = (
				0BF9CFFE25C5D00E0068A6C2 /* Base */,
			);
			name = Main.storyboard;
			sourceTree = "<group>";
		};
		0BF9D00225C5D0170068A6C2 /* LaunchScreen.storyboard */ = {
			isa = PBXVariantGroup;
			children = (
				0BF9D00325C5D0170068A6C2 /* Base */,
			);
			name = LaunchScreen.storyboard;
			sourceTree = "<group>";
		};
/* End PBXVariantGroup section */

/* Begin XCBuildConfiguration section */
		0BF9D01C25C5D0180068A6C2 /* Debug */ = {
			isa = XCBuildConfiguration;
			buildSettings = {
				ALWAYS_SEARCH_USER_PATHS = NO;
				CLANG_ANALYZER_NONNULL = YES;
				CLANG_ANALYZER_NUMBER_OBJECT_CONVERSION = YES_AGGRESSIVE;
				CLANG_CXX_LANGUAGE_STANDARD = "gnu++14";
				CLANG_CXX_LIBRARY = "libc++";
				CLANG_ENABLE_MODULES = YES;
				CLANG_ENABLE_OBJC_ARC = YES;
				CLANG_ENABLE_OBJC_WEAK = YES;
				CLANG_WARN_BLOCK_CAPTURE_AUTORELEASING = YES;
				CLANG_WARN_BOOL_CONVERSION = YES;
				CLANG_WARN_COMMA = YES;
				CLANG_WARN_CONSTANT_CONVERSION = YES;
				CLANG_WARN_DEPRECATED_OBJC_IMPLEMENTATIONS = YES;
				CLANG_WARN_DIRECT_OBJC_ISA_USAGE = YES_ERROR;
				CLANG_WARN_DOCUMENTATION_COMMENTS = YES;
				CLANG_WARN_EMPTY_BODY = YES;
				CLANG_WARN_ENUM_CONVERSION = YES;
				CLANG_WARN_INFINITE_RECURSION = YES;
				CLANG_WARN_INT_CONVERSION = YES;
				CLANG_WARN_NON_LITERAL_NULL_CONVERSION = YES;
				CLANG_WARN_OBJC_IMPLICIT_RETAIN_SELF = YES;
				CLANG_WARN_OBJC_LITERAL_CONVERSION = YES;
				CLANG_WARN_OBJC_ROOT_CLASS = YES_ERROR;
				CLANG_WARN_QUOTED_INCLUDE_IN_FRAMEWORK_HEADER = YES;
				CLANG_WARN_RANGE_LOOP_ANALYSIS = YES;
				CLANG_WARN_STRICT_PROTOTYPES = YES;
				CLANG_WARN_SUSPICIOUS_MOVE = YES;
				CLANG_WARN_UNGUARDED_AVAILABILITY = YES_AGGRESSIVE;
				CLANG_WARN_UNREACHABLE_CODE = YES;
				CLANG_WARN__DUPLICATE_METHOD_MATCH = YES;
				COPY_PHASE_STRIP = NO;
				DEBUG_INFORMATION_FORMAT = dwarf;
				ENABLE_STRICT_OBJC_MSGSEND = YES;
				ENABLE_TESTABILITY = YES;
				GCC_C_LANGUAGE_STANDARD = gnu11;
				GCC_DYNAMIC_NO_PIC = NO;
				GCC_NO_COMMON_BLOCKS = YES;
				GCC_OPTIMIZATION_LEVEL = 0;
				GCC_PREPROCESSOR_DEFINITIONS = (
					"DEBUG=1",
					"$(inherited)",
				);
				GCC_WARN_64_TO_32_BIT_CONVERSION = YES;
				GCC_WARN_ABOUT_RETURN_TYPE = YES_ERROR;
				GCC_WARN_UNDECLARED_SELECTOR = YES;
				GCC_WARN_UNINITIALIZED_AUTOS = YES_AGGRESSIVE;
				GCC_WARN_UNUSED_FUNCTION = YES;
				GCC_WARN_UNUSED_VARIABLE = YES;
				IPHONEOS_DEPLOYMENT_TARGET = 14.3;
				MTL_ENABLE_DEBUG_INFO = INCLUDE_SOURCE;
				MTL_FAST_MATH = YES;
				ONLY_ACTIVE_ARCH = YES;
				SDKROOT = iphoneos;
				SWIFT_ACTIVE_COMPILATION_CONDITIONS = DEBUG;
				SWIFT_OPTIMIZATION_LEVEL = "-Onone";
			};
			name = Debug;
		};
		0BF9D01D25C5D0180068A6C2 /* Release */ = {
			isa = XCBuildConfiguration;
			buildSettings = {
				ALWAYS_SEARCH_USER_PATHS = NO;
				CLANG_ANALYZER_NONNULL = YES;
				CLANG_ANALYZER_NUMBER_OBJECT_CONVERSION = YES_AGGRESSIVE;
				CLANG_CXX_LANGUAGE_STANDARD = "gnu++14";
				CLANG_CXX_LIBRARY = "libc++";
				CLANG_ENABLE_MODULES = YES;
				CLANG_ENABLE_OBJC_ARC = YES;
				CLANG_ENABLE_OBJC_WEAK = YES;
				CLANG_WARN_BLOCK_CAPTURE_AUTORELEASING = YES;
				CLANG_WARN_BOOL_CONVERSION = YES;
				CLANG_WARN_COMMA = YES;
				CLANG_WARN_CONSTANT_CONVERSION = YES;
				CLANG_WARN_DEPRECATED_OBJC_IMPLEMENTATIONS = YES;
				CLANG_WARN_DIRECT_OBJC_ISA_USAGE = YES_ERROR;
				CLANG_WARN_DOCUMENTATION_COMMENTS = YES;
				CLANG_WARN_EMPTY_BODY = YES;
				CLANG_WARN_ENUM_CONVERSION = YES;
				CLANG_WARN_INFINITE_RECURSION = YES;
				CLANG_WARN_INT_CONVERSION = YES;
				CLANG_WARN_NON_LITERAL_NULL_CONVERSION = YES;
				CLANG_WARN_OBJC_IMPLICIT_RETAIN_SELF = YES;
				CLANG_WARN_OBJC_LITERAL_CONVERSION = YES;
				CLANG_WARN_OBJC_ROOT_CLASS = YES_ERROR;
				CLANG_WARN_QUOTED_INCLUDE_IN_FRAMEWORK_HEADER = YES;
				CLANG_WARN_RANGE_LOOP_ANALYSIS = YES;
				CLANG_WARN_STRICT_PROTOTYPES = YES;
				CLANG_WARN_SUSPICIOUS_MOVE = YES;
				CLANG_WARN_UNGUARDED_AVAILABILITY = YES_AGGRESSIVE;
				CLANG_WARN_UNREACHABLE_CODE = YES;
				CLANG_WARN__DUPLICATE_METHOD_MATCH = YES;
				COPY_PHASE_STRIP = NO;
				DEBUG_INFORMATION_FORMAT = "dwarf-with-dsym";
				ENABLE_NS_ASSERTIONS = NO;
				ENABLE_STRICT_OBJC_MSGSEND = YES;
				GCC_C_LANGUAGE_STANDARD = gnu11;
				GCC_NO_COMMON_BLOCKS = YES;
				GCC_WARN_64_TO_32_BIT_CONVERSION = YES;
				GCC_WARN_ABOUT_RETURN_TYPE = YES_ERROR;
				GCC_WARN_UNDECLARED_SELECTOR = YES;
				GCC_WARN_UNINITIALIZED_AUTOS = YES_AGGRESSIVE;
				GCC_WARN_UNUSED_FUNCTION = YES;
				GCC_WARN_UNUSED_VARIABLE = YES;
				IPHONEOS_DEPLOYMENT_TARGET = 14.3;
				MTL_ENABLE_DEBUG_INFO = NO;
				MTL_FAST_MATH = YES;
				SDKROOT = iphoneos;
				SWIFT_COMPILATION_MODE = wholemodule;
				SWIFT_OPTIMIZATION_LEVEL = "-O";
				VALIDATE_PRODUCT = YES;
			};
			name = Release;
		};
		0BF9D01F25C5D0180068A6C2 /* Debug */ = {
			isa = XCBuildConfiguration;
			buildSettings = {
				ASSETCATALOG_COMPILER_APPICON_NAME = AppIcon;
				ASSETCATALOG_COMPILER_GLOBAL_ACCENT_COLOR_NAME = AccentColor;
				CODE_SIGN_STYLE = Automatic;
				INFOPLIST_FILE = part5/Info.plist;
				LD_RUNPATH_SEARCH_PATHS = (
					"$(inherited)",
					"@executable_path/Frameworks",
				);
				PRODUCT_BUNDLE_IDENTIFIER = ccc.suwon.koheunseo.part5;
				PRODUCT_NAME = "$(TARGET_NAME)";
				SWIFT_VERSION = 5.0;
				TARGETED_DEVICE_FAMILY = "1,2";
			};
			name = Debug;
		};
		0BF9D02025C5D0180068A6C2 /* Release */ = {
			isa = XCBuildConfiguration;
			buildSettings = {
				ASSETCATALOG_COMPILER_APPICON_NAME = AppIcon;
				ASSETCATALOG_COMPILER_GLOBAL_ACCENT_COLOR_NAME = AccentColor;
				CODE_SIGN_STYLE = Automatic;
				INFOPLIST_FILE = part5/Info.plist;
				LD_RUNPATH_SEARCH_PATHS = (
					"$(inherited)",
					"@executable_path/Frameworks",
				);
				PRODUCT_BUNDLE_IDENTIFIER = ccc.suwon.koheunseo.part5;
				PRODUCT_NAME = "$(TARGET_NAME)";
				SWIFT_VERSION = 5.0;
				TARGETED_DEVICE_FAMILY = "1,2";
			};
			name = Release;
		};
		0BF9D02225C5D0180068A6C2 /* Debug */ = {
			isa = XCBuildConfiguration;
			buildSettings = {
				ALWAYS_EMBED_SWIFT_STANDARD_LIBRARIES = YES;
				BUNDLE_LOADER = "$(TEST_HOST)";
				CODE_SIGN_STYLE = Automatic;
				INFOPLIST_FILE = part5Tests/Info.plist;
				IPHONEOS_DEPLOYMENT_TARGET = 14.3;
				LD_RUNPATH_SEARCH_PATHS = (
					"$(inherited)",
					"@executable_path/Frameworks",
					"@loader_path/Frameworks",
				);
				PRODUCT_BUNDLE_IDENTIFIER = ccc.suwon.koheunseo.part5Tests;
				PRODUCT_NAME = "$(TARGET_NAME)";
				SWIFT_VERSION = 5.0;
				TARGETED_DEVICE_FAMILY = "1,2";
				TEST_HOST = "$(BUILT_PRODUCTS_DIR)/part5.app/part5";
			};
			name = Debug;
		};
		0BF9D02325C5D0180068A6C2 /* Release */ = {
			isa = XCBuildConfiguration;
			buildSettings = {
				ALWAYS_EMBED_SWIFT_STANDARD_LIBRARIES = YES;
				BUNDLE_LOADER = "$(TEST_HOST)";
				CODE_SIGN_STYLE = Automatic;
				INFOPLIST_FILE = part5Tests/Info.plist;
				IPHONEOS_DEPLOYMENT_TARGET = 14.3;
				LD_RUNPATH_SEARCH_PATHS = (
					"$(inherited)",
					"@executable_path/Frameworks",
					"@loader_path/Frameworks",
				);
				PRODUCT_BUNDLE_IDENTIFIER = ccc.suwon.koheunseo.part5Tests;
				PRODUCT_NAME = "$(TARGET_NAME)";
				SWIFT_VERSION = 5.0;
				TARGETED_DEVICE_FAMILY = "1,2";
				TEST_HOST = "$(BUILT_PRODUCTS_DIR)/part5.app/part5";
			};
			name = Release;
		};
		0BF9D02525C5D0180068A6C2 /* Debug */ = {
			isa = XCBuildConfiguration;
			buildSettings = {
				ALWAYS_EMBED_SWIFT_STANDARD_LIBRARIES = YES;
				CODE_SIGN_STYLE = Automatic;
				INFOPLIST_FILE = part5UITests/Info.plist;
				LD_RUNPATH_SEARCH_PATHS = (
					"$(inherited)",
					"@executable_path/Frameworks",
					"@loader_path/Frameworks",
				);
				PRODUCT_BUNDLE_IDENTIFIER = ccc.suwon.koheunseo.part5UITests;
				PRODUCT_NAME = "$(TARGET_NAME)";
				SWIFT_VERSION = 5.0;
				TARGETED_DEVICE_FAMILY = "1,2";
				TEST_TARGET_NAME = part5;
			};
			name = Debug;
		};
		0BF9D02625C5D0180068A6C2 /* Release */ = {
			isa = XCBuildConfiguration;
			buildSettings = {
				ALWAYS_EMBED_SWIFT_STANDARD_LIBRARIES = YES;
				CODE_SIGN_STYLE = Automatic;
				INFOPLIST_FILE = part5UITests/Info.plist;
				LD_RUNPATH_SEARCH_PATHS = (
					"$(inherited)",
					"@executable_path/Frameworks",
					"@loader_path/Frameworks",
				);
				PRODUCT_BUNDLE_IDENTIFIER = ccc.suwon.koheunseo.part5UITests;
				PRODUCT_NAME = "$(TARGET_NAME)";
				SWIFT_VERSION = 5.0;
				TARGETED_DEVICE_FAMILY = "1,2";
				TEST_TARGET_NAME = part5;
			};
			name = Release;
		};
/* End XCBuildConfiguration section */

/* Begin XCConfigurationList section */
		0BF9CFEF25C5D00E0068A6C2 /* Build configuration list for PBXProject "part5" */ = {
			isa = XCConfigurationList;
			buildConfigurations = (
				0BF9D01C25C5D0180068A6C2 /* Debug */,
				0BF9D01D25C5D0180068A6C2 /* Release */,
			);
			defaultConfigurationIsVisible = 0;
			defaultConfigurationName = Release;
		};
		0BF9D01E25C5D0180068A6C2 /* Build configuration list for PBXNativeTarget "part5" */ = {
			isa = XCConfigurationList;
			buildConfigurations = (
				0BF9D01F25C5D0180068A6C2 /* Debug */,
				0BF9D02025C5D0180068A6C2 /* Release */,
			);
			defaultConfigurationIsVisible = 0;
			defaultConfigurationName = Release;
		};
		0BF9D02125C5D0180068A6C2 /* Build configuration list for PBXNativeTarget "part5Tests" */ = {
			isa = XCConfigurationList;
			buildConfigurations = (
				0BF9D02225C5D0180068A6C2 /* Debug */,
				0BF9D02325C5D0180068A6C2 /* Release */,
			);
			defaultConfigurationIsVisible = 0;
			defaultConfigurationName = Release;
		};
		0BF9D02425C5D0180068A6C2 /* Build configuration list for PBXNativeTarget "part5UITests" */ = {
			isa = XCConfigurationList;
			buildConfigurations = (
				0BF9D02525C5D0180068A6C2 /* Debug */,
				0BF9D02625C5D0180068A6C2 /* Release */,
			);
			defaultConfigurationIsVisible = 0;
			defaultConfigurationName = Release;
		};
/* End XCConfigurationList section */
	};
	rootObject = 0BF9CFEC25C5D00E0068A6C2 /* Project object */;
}
